
Microsoft Visual Studio Solution File, Format Version 12.00
# Visual Studio 2012
Project("{FAE04EC0-301F-11D3-BF4B-00C04F79EFBC}") = "Sushi", "WindowsFormsApplication2\Sushi.csproj", "{4C7CCE1D-F9F5-4461-8CAC-A3B745D72E88}"
EndProject
Global
	GlobalSection(SolutionConfigurationPlatforms) = preSolution
		Debug|Any CPU = Debug|Any CPU
		Release|Any CPU = Release|Any CPU
	EndGlobalSection
	GlobalSection(ProjectConfigurationPlatforms) = postSolution
		{4C7CCE1D-F9F5-4461-8CAC-A3B745D72E88}.Debug|Any CPU.ActiveCfg = Debug|Any CPU
		{4C7CCE1D-F9F5-4461-8CAC-A3B745D72E88}.Debug|Any CPU.Build.0 = Debug|Any CPU
		{4C7CCE1D-F9F5-4461-8CAC-A3B745D72E88}.Release|Any CPU.ActiveCfg = Release|Any CPU
		{4C7CCE1D-F9F5-4461-8CAC-A3B745D72E88}.Release|Any CPU.Build.0 = Release|Any CPU
	EndGlobalSection
	GlobalSection(SolutionProperties) = preSolution
		HideSolutionNode = FALSE
	EndGlobalSection
EndGlobal
